
Microsoft Visual Studio Solution File, Format Version 12.00
# Visual Studio Version 17
VisualStudioVersion = 17.6.33723.286
MinimumVisualStudioVersion = 10.0.40219.1
Project("{9A19103F-16F7-4668-BE54-9A1E7A4F7556}") = "P01_StudentSystem", "P01_StudentSystem\P01_StudentSystem.csproj", "{4A0568C1-31A2-4A46-BB5E-BCB39B42919A}"
EndProject
Project("{9A19103F-16F7-4668-BE54-9A1E7A4F7556}") = "P02_FootballBetting", "P02_FootballBetting\P02_FootballBetting.csproj", "{0D06F97B-8384-4BC1-A1DB-7ADAECA580CD}"
EndProject
Project("{9A19103F-16F7-4668-BE54-9A1E7A4F7556}") = "P02_FootballBetting.Data", "P02_FootballBetting.Data\P02_FootballBetting.Data.csproj", "{A6717713-6027-4AE1-A8AB-20410F962974}"
EndProject
Project("{9A19103F-16F7-4668-BE54-9A1E7A4F7556}") = "P02_FootballBetting.Data.Models", "P02_FootballBetting.Data.Models\P02_FootballBetting.Data.Models.csproj", "{792C5FED-AA68-4ACE-BE30-F087146B72E5}"
EndProject
Project("{9A19103F-16F7-4668-BE54-9A1E7A4F7556}") = "P02_FootballBetting.Common", "P02_FootballBetting.Common\P02_FootballBetting.Common.csproj", "{421C78C3-6B43-45AC-9FC3-8AF768C97663}"
EndProject
Global
	GlobalSection(SolutionConfigurationPlatforms) = preSolution
		Debug|Any CPU = Debug|Any CPU
		Release|Any CPU = Release|Any CPU
	EndGlobalSection
	GlobalSection(ProjectConfigurationPlatforms) = postSolution
		{4A0568C1-31A2-4A46-BB5E-BCB39B42919A}.Debug|Any CPU.ActiveCfg = Debug|Any CPU
		{4A0568C1-31A2-4A46-BB5E-BCB39B42919A}.Debug|Any CPU.Build.0 = Debug|Any CPU
		{4A0568C1-31A2-4A46-BB5E-BCB39B42919A}.Release|Any CPU.ActiveCfg = Release|Any CPU
		{4A0568C1-31A2-4A46-BB5E-BCB39B42919A}.Release|Any CPU.Build.0 = Release|Any CPU
		{0D06F97B-8384-4BC1-A1DB-7ADAECA580CD}.Debug|Any CPU.ActiveCfg = Debug|Any CPU
		{0D06F97B-8384-4BC1-A1DB-7ADAECA580CD}.Debug|Any CPU.Build.0 = Debug|Any CPU
		{0D06F97B-8384-4BC1-A1DB-7ADAECA580CD}.Release|Any CPU.ActiveCfg = Release|Any CPU
		{0D06F97B-8384-4BC1-A1DB-7ADAECA580CD}.Release|Any CPU.Build.0 = Release|Any CPU
		{A6717713-6027-4AE1-A8AB-20410F962974}.Debug|Any CPU.ActiveCfg = Debug|Any CPU
		{A6717713-6027-4AE1-A8AB-20410F962974}.Debug|Any CPU.Build.0 = Debug|Any CPU
		{A6717713-6027-4AE1-A8AB-20410F962974}.Release|Any CPU.ActiveCfg = Release|Any CPU
		{A6717713-6027-4AE1-A8AB-20410F962974}.Release|Any CPU.Build.0 = Release|Any CPU
		{792C5FED-AA68-4ACE-BE30-F087146B72E5}.Debug|Any CPU.ActiveCfg = Debug|Any CPU
		{792C5FED-AA68-4ACE-BE30-F087146B72E5}.Debug|Any CPU.Build.0 = Debug|Any CPU
		{792C5FED-AA68-4ACE-BE30-F087146B72E5}.Release|Any CPU.ActiveCfg = Release|Any CPU
		{792C5FED-AA68-4ACE-BE30-F087146B72E5}.Release|Any CPU.Build.0 = Release|Any CPU
		{421C78C3-6B43-45AC-9FC3-8AF768C97663}.Debug|Any CPU.ActiveCfg = Debug|Any CPU
		{421C78C3-6B43-45AC-9FC3-8AF768C97663}.Debug|Any CPU.Build.0 = Debug|Any CPU
		{421C78C3-6B43-45AC-9FC3-8AF768C97663}.Release|Any CPU.ActiveCfg = Release|Any CPU
		{421C78C3-6B43-45AC-9FC3-8AF768C97663}.Release|Any CPU.Build.0 = Release|Any CPU
	EndGlobalSection
	GlobalSection(SolutionProperties) = preSolution
		HideSolutionNode = FALSE
	EndGlobalSection
	GlobalSection(ExtensibilityGlobals) = postSolution
		SolutionGuid = {4ED95A03-D824-4E72-A4FA-A71D860ABB05}
	EndGlobalSection
EndGlobal
