
Microsoft Visual Studio Solution File, Format Version 12.00
# Visual Studio Version 17
VisualStudioVersion = 17.6.33723.286
MinimumVisualStudioVersion = 10.0.40219.1
Project("{FAE04EC0-301F-11D3-BF4B-00C04F79EFBC}") = "SoftUni", "SoftUni\SoftUni.csproj", "{B7EDA3AB-D3A4-4947-B6E6-203F46DF48BF}"
EndProject
Global
	GlobalSection(SolutionConfigurationPlatforms) = preSolution
		Debug|Any CPU = Debug|Any CPU
		Release|Any CPU = Release|Any CPU
	EndGlobalSection
	GlobalSection(ProjectConfigurationPlatforms) = postSolution
		{B7EDA3AB-D3A4-4947-B6E6-203F46DF48BF}.Debug|Any CPU.ActiveCfg = Debug|Any CPU
		{B7EDA3AB-D3A4-4947-B6E6-203F46DF48BF}.Debug|Any CPU.Build.0 = Debug|Any CPU
		{B7EDA3AB-D3A4-4947-B6E6-203F46DF48BF}.Release|Any CPU.ActiveCfg = Release|Any CPU
		{B7EDA3AB-D3A4-4947-B6E6-203F46DF48BF}.Release|Any CPU.Build.0 = Release|Any CPU
	EndGlobalSection
	GlobalSection(SolutionProperties) = preSolution
		HideSolutionNode = FALSE
	EndGlobalSection
	GlobalSection(ExtensibilityGlobals) = postSolution
		SolutionGuid = {483A5119-4E46-468C-B7FC-A2A9849FC571}
	EndGlobalSection
EndGlobal
